{
  "version": 4,
  "terraform_version": "1.2.7",
  "serial": 92,
  "lineage": "8429463c-0cf8-9d64-b13c-3037054690f9",
  "outputs": {
    "service_url": {
      "value": "https://example-ljs5wvd32q-uc.a.run.app",
      "type": "string"
    }
  },
  "resources": [
    {
      "mode": "managed",
      "type": "google_cloud_run_service",
      "name": "default",
      "provider": "provider[\"registry.terraform.io/hashicorp/google\"]",
      "instances": [
        {
          "schema_version": 1,
          "attributes": {
            "autogenerate_revision_name": false,
            "id": "locations/us-central1/namespaces/playground-s-11-b34d40ba/services/example",
            "location": "us-central1",
            "metadata": [
              {
                "annotations": {
                  "run.googleapis.com/ingress": "all",
                  "run.googleapis.com/ingress-status": "all",
                  "serving.knative.dev/creator": "cloud_user_p_f7b6be24@linuxacademygclabs.com",
                  "serving.knative.dev/lastModifier": "cloud_user_p_f7b6be24@linuxacademygclabs.com"
                },
                "generation": 1,
                "labels": {
                  "cloud.googleapis.com/location": "us-central1"
                },
                "namespace": "playground-s-11-b34d40ba",
                "resource_version": "AAXxWn/h1nc",
                "self_link": "/apis/serving.knative.dev/v1/namespaces/453753063512/services/example",
                "uid": "71bd5e9b-9c9a-4098-8417-2c699e319abf"
              }
            ],
            "name": "example",
            "project": "playground-s-11-b34d40ba",
            "status": [
              {
                "conditions": [
                  {
                    "message": "",
                    "reason": "",
                    "status": "True",
                    "type": "Ready"
                  },
                  {
                    "message": "",
                    "reason": "",
                    "status": "True",
                    "type": "ConfigurationsReady"
                  },
                  {
                    "message": "",
                    "reason": "",
                    "status": "True",
                    "type": "RoutesReady"
                  }
                ],
                "latest_created_revision_name": "example-dkws8",
                "latest_ready_revision_name": "example-dkws8",
                "observed_generation": 1,
                "url": "https://example-ljs5wvd32q-uc.a.run.app"
              }
            ],
            "template": [
              {
                "metadata": [
                  {
                    "annotations": {
                      "autoscaling.knative.dev/maxScale": "100"
                    },
                    "generation": 0,
                    "labels": {},
                    "name": "",
                    "namespace": "",
                    "resource_version": "",
                    "self_link": "",
                    "uid": ""
                  }
                ],
                "spec": [
                  {
                    "container_concurrency": 80,
                    "containers": [
                      {
                        "args": null,
                        "command": null,
                        "env": [],
                        "env_from": [],
                        "image": "gcr.io/cloudrun/hello",
                        "ports": [
                          {
                            "container_port": 8080,
                            "name": "http1",
                            "protocol": ""
                          }
                        ],
                        "resources": [
                          {
                            "limits": {
                              "cpu": "1000m",
                              "memory": "256M"
                            },
                            "requests": null
                          }
                        ],
                        "volume_mounts": [],
                        "working_dir": ""
                      }
                    ],
                    "service_account_name": "abcmnop001@playground-s-11-b34d40ba.iam.gserviceaccount.com",
                    "serving_state": "",
                    "timeout_seconds": 300,
                    "volumes": []
                  }
                ]
              }
            ],
            "timeouts": null,
            "traffic": [
              {
                "latest_revision": true,
                "percent": 100,
                "revision_name": "",
                "tag": "",
                "url": ""
              }
            ]
          },
          "sensitive_attributes": [],
          "private": "eyJlMmJmYjczMC1lY2FhLTExZTYtOGY4OC0zNDM2M2JjN2M0YzAiOnsiY3JlYXRlIjoxMjAwMDAwMDAwMDAwLCJkZWxldGUiOjEyMDAwMDAwMDAwMDAsInVwZGF0ZSI6MTIwMDAwMDAwMDAwMH0sInNjaGVtYV92ZXJzaW9uIjoiMSJ9",
          "dependencies": [
            "google_project_service.cloudrun",
            "google_service_account.example"
          ]
        }
      ]
    },
    {
      "mode": "managed",
      "type": "google_cloud_run_service_iam_member",
      "name": "access-cloudrun",
      "provider": "provider[\"registry.terraform.io/hashicorp/google\"]",
      "instances": [
        {
          "schema_version": 0,
          "attributes": {
            "condition": [],
            "etag": "BwXxWoBqdrs=",
            "id": "v1/projects/playground-s-11-b34d40ba/locations/us-central1/services/example/roles/run.invoker/allUsers",
            "location": "us-central1",
            "member": "allUsers",
            "project": "playground-s-11-b34d40ba",
            "role": "roles/run.invoker",
            "service": "v1/projects/playground-s-11-b34d40ba/locations/us-central1/services/example"
          },
          "sensitive_attributes": [],
          "private": "bnVsbA==",
          "dependencies": [
            "google_cloud_run_service.default",
            "google_project_service.cloudrun",
            "google_service_account.example"
          ]
        }
      ]
    },
    {
      "mode": "managed",
      "type": "google_project_service",
      "name": "cloudrun",
      "provider": "provider[\"registry.terraform.io/hashicorp/google-beta\"]",
      "instances": [
        {
          "schema_version": 0,
          "attributes": {
            "disable_dependent_services": null,
            "disable_on_destroy": false,
            "id": "playground-s-11-b34d40ba/run.googleapis.com",
            "project": "playground-s-11-b34d40ba",
            "service": "run.googleapis.com",
            "timeouts": null
          },
          "sensitive_attributes": [],
          "private": "eyJlMmJmYjczMC1lY2FhLTExZTYtOGY4OC0zNDM2M2JjN2M0YzAiOnsiY3JlYXRlIjoxMjAwMDAwMDAwMDAwLCJkZWxldGUiOjEyMDAwMDAwMDAwMDAsInJlYWQiOjYwMDAwMDAwMDAwMCwidXBkYXRlIjoxMjAwMDAwMDAwMDAwfX0="
        }
      ]
    },
    {
      "mode": "managed",
      "type": "google_project_service",
      "name": "iam",
      "provider": "provider[\"registry.terraform.io/hashicorp/google\"]",
      "instances": [
        {
          "schema_version": 0,
          "attributes": {
            "disable_dependent_services": null,
            "disable_on_destroy": false,
            "id": "playground-s-11-b34d40ba/iam.googleapis.com",
            "project": "playground-s-11-b34d40ba",
            "service": "iam.googleapis.com",
            "timeouts": null
          },
          "sensitive_attributes": [],
          "private": "eyJlMmJmYjczMC1lY2FhLTExZTYtOGY4OC0zNDM2M2JjN2M0YzAiOnsiY3JlYXRlIjoxMjAwMDAwMDAwMDAwLCJkZWxldGUiOjEyMDAwMDAwMDAwMDAsInJlYWQiOjYwMDAwMDAwMDAwMCwidXBkYXRlIjoxMjAwMDAwMDAwMDAwfX0="
        }
      ]
    },
    {
      "mode": "managed",
      "type": "google_service_account",
      "name": "example",
      "provider": "provider[\"registry.terraform.io/hashicorp/google\"]",
      "instances": [
        {
          "schema_version": 0,
          "attributes": {
            "account_id": "abcmnop001",
            "description": "",
            "disabled": false,
            "display_name": "Example Service Account",
            "email": "abcmnop001@playground-s-11-b34d40ba.iam.gserviceaccount.com",
            "id": "projects/playground-s-11-b34d40ba/serviceAccounts/abcmnop001@playground-s-11-b34d40ba.iam.gserviceaccount.com",
            "member": "serviceAccount:abcmnop001@playground-s-11-b34d40ba.iam.gserviceaccount.com",
            "name": "projects/playground-s-11-b34d40ba/serviceAccounts/abcmnop001@playground-s-11-b34d40ba.iam.gserviceaccount.com",
            "project": "playground-s-11-b34d40ba",
            "timeouts": null,
            "unique_id": "102431180880990250390"
          },
          "sensitive_attributes": [],
          "private": "eyJlMmJmYjczMC1lY2FhLTExZTYtOGY4OC0zNDM2M2JjN2M0YzAiOnsiY3JlYXRlIjozMDAwMDAwMDAwMDB9fQ=="
        }
      ]
    },
    {
      "mode": "managed",
      "type": "google_service_account_iam_binding",
      "name": "binding",
      "provider": "provider[\"registry.terraform.io/hashicorp/google\"]",
      "instances": [
        {
          "schema_version": 0,
          "attributes": {
            "condition": [],
            "etag": "BwXxWn5FMQA=",
            "id": "projects/playground-s-11-b34d40ba/serviceAccounts/abcmnop001@playground-s-11-b34d40ba.iam.gserviceaccount.com/roles/editor",
            "members": [
              "serviceAccount:abcmnop001@playground-s-11-b34d40ba.iam.gserviceaccount.com"
            ],
            "role": "roles/editor",
            "service_account_id": "projects/playground-s-11-b34d40ba/serviceAccounts/abcmnop001@playground-s-11-b34d40ba.iam.gserviceaccount.com"
          },
          "sensitive_attributes": [],
          "private": "bnVsbA==",
          "dependencies": [
            "google_service_account.example"
          ]
        }
      ]
    }
  ]
}
