{
  "version": 4,
  "terraform_version": "1.2.7",
  "serial": 7,
  "lineage": "1e4c6d1d-295e-93b1-f786-6dc05c33de2a",
  "outputs": {
    "service_url": {
      "value": "https://example-nc25wls7ja-ew.a.run.app",
      "type": "string"
    }
  },
  "resources": [
    {
      "mode": "managed",
      "type": "google_cloud_run_service",
      "name": "default",
      "provider": "provider[\"registry.terraform.io/hashicorp/google\"]",
      "instances": [
        {
          "schema_version": 1,
          "attributes": {
            "autogenerate_revision_name": false,
            "id": "locations/europe-west1/namespaces/lgf-devops-sandbox/services/example",
            "location": "europe-west1",
            "metadata": [
              {
                "annotations": {
                  "run.googleapis.com/ingress": "all",
                  "run.googleapis.com/ingress-status": "all",
                  "serving.knative.dev/creator": "nishanta.banik@sonova.com",
                  "serving.knative.dev/lastModifier": "nishanta.banik@sonova.com"
                },
                "generation": 1,
                "labels": {
                  "cloud.googleapis.com/location": "europe-west1"
                },
                "namespace": "lgf-devops-sandbox",
                "resource_version": "AAXxcox+EZc",
                "self_link": "/apis/serving.knative.dev/v1/namespaces/743265479283/services/example",
                "uid": "99eace94-ce6d-4518-b63e-ddecb5dc789b"
              }
            ],
            "name": "example",
            "project": "lgf-devops-sandbox",
            "status": [
              {
                "conditions": [
                  {
                    "message": "",
                    "reason": "",
                    "status": "True",
                    "type": "Ready"
                  },
                  {
                    "message": "",
                    "reason": "",
                    "status": "True",
                    "type": "ConfigurationsReady"
                  },
                  {
                    "message": "",
                    "reason": "",
                    "status": "True",
                    "type": "RoutesReady"
                  }
                ],
                "latest_created_revision_name": "example-wl84l",
                "latest_ready_revision_name": "example-wl84l",
                "observed_generation": 1,
                "url": "https://example-nc25wls7ja-ew.a.run.app"
              }
            ],
            "template": [
              {
                "metadata": [
                  {
                    "annotations": {
                      "autoscaling.knative.dev/maxScale": "5",
                      "autoscaling.knative.dev/minScale": "2"
                    },
                    "generation": 0,
                    "labels": null,
                    "name": "",
                    "namespace": "",
                    "resource_version": "",
                    "self_link": "",
                    "uid": ""
                  }
                ],
                "spec": [
                  {
                    "container_concurrency": 80,
                    "containers": [
                      {
                        "args": null,
                        "command": null,
                        "env": [],
                        "env_from": [],
                        "image": "gcr.io/cloudrun/hello",
                        "ports": [
                          {
                            "container_port": 8080,
                            "name": "http1",
                            "protocol": ""
                          }
                        ],
                        "resources": [
                          {
                            "limits": {
                              "cpu": "1000m",
                              "memory": "256M"
                            },
                            "requests": null
                          }
                        ],
                        "volume_mounts": [],
                        "working_dir": ""
                      }
                    ],
                    "service_account_name": "abcmnop001@lgf-devops-sandbox.iam.gserviceaccount.com",
                    "serving_state": "",
                    "timeout_seconds": 300,
                    "volumes": []
                  }
                ]
              }
            ],
            "timeouts": null,
            "traffic": [
              {
                "latest_revision": true,
                "percent": 100,
                "revision_name": "",
                "tag": "",
                "url": ""
              }
            ]
          },
          "sensitive_attributes": [],
          "private": "eyJlMmJmYjczMC1lY2FhLTExZTYtOGY4OC0zNDM2M2JjN2M0YzAiOnsiY3JlYXRlIjoxMjAwMDAwMDAwMDAwLCJkZWxldGUiOjEyMDAwMDAwMDAwMDAsInVwZGF0ZSI6MTIwMDAwMDAwMDAwMH0sInNjaGVtYV92ZXJzaW9uIjoiMSJ9",
          "dependencies": [
            "google_project_service.cloudrun",
            "google_service_account.example"
          ]
        }
      ]
    },
    {
      "mode": "managed",
      "type": "google_cloud_run_service_iam_member",
      "name": "access-cloudrun",
      "provider": "provider[\"registry.terraform.io/hashicorp/google\"]",
      "instances": [
        {
          "schema_version": 0,
          "attributes": {
            "condition": [],
            "etag": "BwXxco0Ul40=",
            "id": "v1/projects/lgf-devops-sandbox/locations/europe-west1/services/example/roles/run.invoker/allUsers",
            "location": "europe-west1",
            "member": "allUsers",
            "project": "lgf-devops-sandbox",
            "role": "roles/run.invoker",
            "service": "v1/projects/lgf-devops-sandbox/locations/europe-west1/services/example"
          },
          "sensitive_attributes": [],
          "private": "bnVsbA==",
          "dependencies": [
            "google_cloud_run_service.default",
            "google_project_service.cloudrun",
            "google_service_account.example"
          ]
        }
      ]
    },
    {
      "mode": "managed",
      "type": "google_project_service",
      "name": "cloudrun",
      "provider": "provider[\"registry.terraform.io/hashicorp/google-beta\"]",
      "instances": [
        {
          "schema_version": 0,
          "attributes": {
            "disable_dependent_services": null,
            "disable_on_destroy": false,
            "id": "lgf-devops-sandbox/run.googleapis.com",
            "project": "lgf-devops-sandbox",
            "service": "run.googleapis.com",
            "timeouts": null
          },
          "sensitive_attributes": [],
          "private": "eyJlMmJmYjczMC1lY2FhLTExZTYtOGY4OC0zNDM2M2JjN2M0YzAiOnsiY3JlYXRlIjoxMjAwMDAwMDAwMDAwLCJkZWxldGUiOjEyMDAwMDAwMDAwMDAsInJlYWQiOjYwMDAwMDAwMDAwMCwidXBkYXRlIjoxMjAwMDAwMDAwMDAwfX0="
        }
      ]
    },
    {
      "mode": "managed",
      "type": "google_project_service",
      "name": "iam",
      "provider": "provider[\"registry.terraform.io/hashicorp/google\"]",
      "instances": [
        {
          "schema_version": 0,
          "attributes": {
            "disable_dependent_services": null,
            "disable_on_destroy": false,
            "id": "lgf-devops-sandbox/iam.googleapis.com",
            "project": "lgf-devops-sandbox",
            "service": "iam.googleapis.com",
            "timeouts": null
          },
          "sensitive_attributes": [],
          "private": "eyJlMmJmYjczMC1lY2FhLTExZTYtOGY4OC0zNDM2M2JjN2M0YzAiOnsiY3JlYXRlIjoxMjAwMDAwMDAwMDAwLCJkZWxldGUiOjEyMDAwMDAwMDAwMDAsInJlYWQiOjYwMDAwMDAwMDAwMCwidXBkYXRlIjoxMjAwMDAwMDAwMDAwfX0="
        }
      ]
    },
    {
      "mode": "managed",
      "type": "google_service_account",
      "name": "example",
      "provider": "provider[\"registry.terraform.io/hashicorp/google\"]",
      "instances": [
        {
          "schema_version": 0,
          "attributes": {
            "account_id": "abcmnop001",
            "description": "",
            "disabled": false,
            "display_name": "Example Service Account",
            "email": "abcmnop001@lgf-devops-sandbox.iam.gserviceaccount.com",
            "id": "projects/lgf-devops-sandbox/serviceAccounts/abcmnop001@lgf-devops-sandbox.iam.gserviceaccount.com",
            "member": "serviceAccount:abcmnop001@lgf-devops-sandbox.iam.gserviceaccount.com",
            "name": "projects/lgf-devops-sandbox/serviceAccounts/abcmnop001@lgf-devops-sandbox.iam.gserviceaccount.com",
            "project": "lgf-devops-sandbox",
            "timeouts": null,
            "unique_id": "108717727388280309568"
          },
          "sensitive_attributes": [],
          "private": "eyJlMmJmYjczMC1lY2FhLTExZTYtOGY4OC0zNDM2M2JjN2M0YzAiOnsiY3JlYXRlIjozMDAwMDAwMDAwMDB9fQ=="
        }
      ]
    },
    {
      "mode": "managed",
      "type": "google_service_account_iam_binding",
      "name": "binding",
      "provider": "provider[\"registry.terraform.io/hashicorp/google\"]",
      "instances": [
        {
          "schema_version": 0,
          "attributes": {
            "condition": [],
            "etag": "BwXxcoedUkM=",
            "id": "projects/lgf-devops-sandbox/serviceAccounts/abcmnop001@lgf-devops-sandbox.iam.gserviceaccount.com/roles/editor",
            "members": [
              "serviceAccount:abcmnop001@lgf-devops-sandbox.iam.gserviceaccount.com"
            ],
            "role": "roles/editor",
            "service_account_id": "projects/lgf-devops-sandbox/serviceAccounts/abcmnop001@lgf-devops-sandbox.iam.gserviceaccount.com"
          },
          "sensitive_attributes": [],
          "private": "bnVsbA==",
          "dependencies": [
            "google_service_account.example"
          ]
        }
      ]
    }
  ]
}
